
Microsoft Visual Studio Solution File, Format Version 12.00
Project("{FAE04EC0-301F-11D3-BF4B-00C04F79EFBC}") = "Prac1", "Prac1\Prac1.csproj", "{933864BF-1E3F-442C-A08A-BD8DF51B9CF2}"
EndProject
Global
	GlobalSection(SolutionConfigurationPlatforms) = preSolution
		Debug|Any CPU = Debug|Any CPU
		Release|Any CPU = Release|Any CPU
	EndGlobalSection
	GlobalSection(ProjectConfigurationPlatforms) = postSolution
		{933864BF-1E3F-442C-A08A-BD8DF51B9CF2}.Debug|Any CPU.ActiveCfg = Debug|Any CPU
		{933864BF-1E3F-442C-A08A-BD8DF51B9CF2}.Debug|Any CPU.Build.0 = Debug|Any CPU
		{933864BF-1E3F-442C-A08A-BD8DF51B9CF2}.Release|Any CPU.ActiveCfg = Release|Any CPU
		{933864BF-1E3F-442C-A08A-BD8DF51B9CF2}.Release|Any CPU.Build.0 = Release|Any CPU
	EndGlobalSection
EndGlobal
